
Microsoft Visual Studio Solution File, Format Version 12.00
# Visual Studio Version 17
VisualStudioVersion = 17.8.34330.188
MinimumVisualStudioVersion = 10.0.40219.1
Project("{8BC9CEB8-8B4A-11D0-8D11-00A0C91BC942}") = "Class1th", "..\Class1th\Class1th.vcxproj", "{59E5FBAB-2C76-48E6-9983-A386AD525C30}"
EndProject
Project("{8BC9CEB8-8B4A-11D0-8D11-00A0C91BC942}") = "Class2th", "..\Class2th\Class2th.vcxproj", "{93B6CB31-DCC4-416B-873E-78BC219A556E}"
EndProject
Project("{8BC9CEB8-8B4A-11D0-8D11-00A0C91BC942}") = "Class3th", "..\Class3th\Class3th.vcxproj", "{FDC40D64-B3B6-410B-914B-8B812EB4DC76}"
EndProject
Project("{8BC9CEB8-8B4A-11D0-8D11-00A0C91BC942}") = "Class4th", "..\Class4th\Class4th.vcxproj", "{D97E6577-6F51-4493-B0D7-855668D6DB63}"
EndProject
Project("{8BC9CEB8-8B4A-11D0-8D11-00A0C91BC942}") = "Class5th", "..\Class5th\Class5th.vcxproj", "{524FB1A3-5FF8-43DD-B182-E4489D3E7671}"
EndProject
Project("{8BC9CEB8-8B4A-11D0-8D11-00A0C91BC942}") = "Class6th", "..\Class6th\Class6th.vcxproj", "{D06D8E7E-0373-4F11-9735-4DE1BC0D48FF}"
EndProject
Project("{8BC9CEB8-8B4A-11D0-8D11-00A0C91BC942}") = "Class7th", "..\Class7th\Class7th.vcxproj", "{7026ACC0-F03A-43A5-8612-DA212CA22A7D}"
EndProject
Project("{8BC9CEB8-8B4A-11D0-8D11-00A0C91BC942}") = "Class8th", "..\Class(8)th\Class(8)th.vcxproj", "{701984B4-825C-40B8-B65D-2550C7853E8D}"
EndProject
Project("{8BC9CEB8-8B4A-11D0-8D11-00A0C91BC942}") = "Class9th", "..\Class9th\Class9th.vcxproj", "{EE37AA0D-D831-43B9-B1BA-1BD46C552084}"
EndProject
Project("{8BC9CEB8-8B4A-11D0-8D11-00A0C91BC942}") = "Class10th", "..\Class10th\Class10th.vcxproj", "{B4DE7532-95D3-49EA-BE9C-56045835A47A}"
EndProject
Project("{8BC9CEB8-8B4A-11D0-8D11-00A0C91BC942}") = "Class11th", "..\Class11th\Class11th.vcxproj", "{93A0E80D-7946-4105-82A5-01B918A2736F}"
EndProject
Project("{8BC9CEB8-8B4A-11D0-8D11-00A0C91BC942}") = "Class12th", "..\Class12th\Class12th.vcxproj", "{DCC8F5BF-BAFC-4F25-8359-C9420F1B04EC}"
EndProject
Project("{8BC9CEB8-8B4A-11D0-8D11-00A0C91BC942}") = "Class13th", "..\Class13th\Class13th.vcxproj", "{0B810D4C-8D48-4283-BFB8-35CDF4498C68}"
EndProject
Project("{8BC9CEB8-8B4A-11D0-8D11-00A0C91BC942}") = "Class14th", "..\Class14th\Class14th.vcxproj", "{696FEC8D-12E7-440B-9996-C05C3B10AF81}"
EndProject
Project("{8BC9CEB8-8B4A-11D0-8D11-00A0C91BC942}") = "Class15th", "..\Class15th\Class15th.vcxproj", "{299DBBA5-7B53-415A-8E01-2F61124090FD}"
EndProject
Project("{8BC9CEB8-8B4A-11D0-8D11-00A0C91BC942}") = "Class16th", "..\Class16th\Class16th.vcxproj", "{C9FF0C52-FF1F-490E-8D5D-587D69B1F8E2}"
EndProject
Project("{8BC9CEB8-8B4A-11D0-8D11-00A0C91BC942}") = "Class17th", "..\Class17th\Class17th.vcxproj", "{877EC8AB-6A4C-4910-976F-DEA11A5BD133}"
EndProject
Project("{8BC9CEB8-8B4A-11D0-8D11-00A0C91BC942}") = "Class18th", "..\Class18th\Class18th.vcxproj", "{062578D5-5DA1-4E68-92D1-59F932E06940}"
EndProject
Project("{8BC9CEB8-8B4A-11D0-8D11-00A0C91BC942}") = "Class19th", "..\Class19th\Class19th.vcxproj", "{BE00E0A5-02F8-494D-868B-25A47A862623}"
EndProject
Project("{8BC9CEB8-8B4A-11D0-8D11-00A0C91BC942}") = "Class20th", "..\Class20th\Class20th.vcxproj", "{17A5D615-0BE1-490D-82AC-EEDA1B4981E2}"
EndProject
Project("{8BC9CEB8-8B4A-11D0-8D11-00A0C91BC942}") = "Program", "..\Program.cpp\Program.cpp.vcxproj", "{DA777FA9-B83F-4722-836F-F64B1908A7F3}"
EndProject
Project("{8BC9CEB8-8B4A-11D0-8D11-00A0C91BC942}") = "Class18th (Ientator)", "Class18th (Ientator)\Class18th (Ientator).vcxproj", "{354C141A-3A43-4FFB-89F0-077E83574FBC}"
EndProject
Global
	GlobalSection(SolutionConfigurationPlatforms) = preSolution
		Debug|ARM = Debug|ARM
		Debug|ARM64 = Debug|ARM64
		Debug|x64 = Debug|x64
		Debug|x86 = Debug|x86
		Release|ARM = Release|ARM
		Release|ARM64 = Release|ARM64
		Release|x64 = Release|x64
		Release|x86 = Release|x86
	EndGlobalSection
	GlobalSection(ProjectConfigurationPlatforms) = postSolution
		{59E5FBAB-2C76-48E6-9983-A386AD525C30}.Debug|ARM.ActiveCfg = Debug|x64
		{59E5FBAB-2C76-48E6-9983-A386AD525C30}.Debug|ARM.Build.0 = Debug|x64
		{59E5FBAB-2C76-48E6-9983-A386AD525C30}.Debug|ARM64.ActiveCfg = Debug|x64
		{59E5FBAB-2C76-48E6-9983-A386AD525C30}.Debug|ARM64.Build.0 = Debug|x64
		{59E5FBAB-2C76-48E6-9983-A386AD525C30}.Debug|x64.ActiveCfg = Debug|x64
		{59E5FBAB-2C76-48E6-9983-A386AD525C30}.Debug|x64.Build.0 = Debug|x64
		{59E5FBAB-2C76-48E6-9983-A386AD525C30}.Debug|x86.ActiveCfg = Debug|Win32
		{59E5FBAB-2C76-48E6-9983-A386AD525C30}.Debug|x86.Build.0 = Debug|Win32
		{59E5FBAB-2C76-48E6-9983-A386AD525C30}.Release|ARM.ActiveCfg = Release|x64
		{59E5FBAB-2C76-48E6-9983-A386AD525C30}.Release|ARM.Build.0 = Release|x64
		{59E5FBAB-2C76-48E6-9983-A386AD525C30}.Release|ARM64.ActiveCfg = Release|x64
		{59E5FBAB-2C76-48E6-9983-A386AD525C30}.Release|ARM64.Build.0 = Release|x64
		{59E5FBAB-2C76-48E6-9983-A386AD525C30}.Release|x64.ActiveCfg = Release|x64
		{59E5FBAB-2C76-48E6-9983-A386AD525C30}.Release|x64.Build.0 = Release|x64
		{59E5FBAB-2C76-48E6-9983-A386AD525C30}.Release|x86.ActiveCfg = Release|Win32
		{59E5FBAB-2C76-48E6-9983-A386AD525C30}.Release|x86.Build.0 = Release|Win32
		{93B6CB31-DCC4-416B-873E-78BC219A556E}.Debug|ARM.ActiveCfg = Debug|x64
		{93B6CB31-DCC4-416B-873E-78BC219A556E}.Debug|ARM.Build.0 = Debug|x64
		{93B6CB31-DCC4-416B-873E-78BC219A556E}.Debug|ARM64.ActiveCfg = Debug|x64
		{93B6CB31-DCC4-416B-873E-78BC219A556E}.Debug|ARM64.Build.0 = Debug|x64
		{93B6CB31-DCC4-416B-873E-78BC219A556E}.Debug|x64.ActiveCfg = Debug|x64
		{93B6CB31-DCC4-416B-873E-78BC219A556E}.Debug|x64.Build.0 = Debug|x64
		{93B6CB31-DCC4-416B-873E-78BC219A556E}.Debug|x86.ActiveCfg = Debug|Win32
		{93B6CB31-DCC4-416B-873E-78BC219A556E}.Debug|x86.Build.0 = Debug|Win32
		{93B6CB31-DCC4-416B-873E-78BC219A556E}.Release|ARM.ActiveCfg = Release|x64
		{93B6CB31-DCC4-416B-873E-78BC219A556E}.Release|ARM.Build.0 = Release|x64
		{93B6CB31-DCC4-416B-873E-78BC219A556E}.Release|ARM64.ActiveCfg = Release|x64
		{93B6CB31-DCC4-416B-873E-78BC219A556E}.Release|ARM64.Build.0 = Release|x64
		{93B6CB31-DCC4-416B-873E-78BC219A556E}.Release|x64.ActiveCfg = Release|x64
		{93B6CB31-DCC4-416B-873E-78BC219A556E}.Release|x64.Build.0 = Release|x64
		{93B6CB31-DCC4-416B-873E-78BC219A556E}.Release|x86.ActiveCfg = Release|Win32
		{93B6CB31-DCC4-416B-873E-78BC219A556E}.Release|x86.Build.0 = Release|Win32
		{FDC40D64-B3B6-410B-914B-8B812EB4DC76}.Debug|ARM.ActiveCfg = Debug|x64
		{FDC40D64-B3B6-410B-914B-8B812EB4DC76}.Debug|ARM.Build.0 = Debug|x64
		{FDC40D64-B3B6-410B-914B-8B812EB4DC76}.Debug|ARM64.ActiveCfg = Debug|x64
		{FDC40D64-B3B6-410B-914B-8B812EB4DC76}.Debug|ARM64.Build.0 = Debug|x64
		{FDC40D64-B3B6-410B-914B-8B812EB4DC76}.Debug|x64.ActiveCfg = Debug|x64
		{FDC40D64-B3B6-410B-914B-8B812EB4DC76}.Debug|x64.Build.0 = Debug|x64
		{FDC40D64-B3B6-410B-914B-8B812EB4DC76}.Debug|x86.ActiveCfg = Debug|Win32
		{FDC40D64-B3B6-410B-914B-8B812EB4DC76}.Debug|x86.Build.0 = Debug|Win32
		{FDC40D64-B3B6-410B-914B-8B812EB4DC76}.Release|ARM.ActiveCfg = Release|x64
		{FDC40D64-B3B6-410B-914B-8B812EB4DC76}.Release|ARM.Build.0 = Release|x64
		{FDC40D64-B3B6-410B-914B-8B812EB4DC76}.Release|ARM64.ActiveCfg = Release|x64
		{FDC40D64-B3B6-410B-914B-8B812EB4DC76}.Release|ARM64.Build.0 = Release|x64
		{FDC40D64-B3B6-410B-914B-8B812EB4DC76}.Release|x64.ActiveCfg = Release|x64
		{FDC40D64-B3B6-410B-914B-8B812EB4DC76}.Release|x64.Build.0 = Release|x64
		{FDC40D64-B3B6-410B-914B-8B812EB4DC76}.Release|x86.ActiveCfg = Release|Win32
		{FDC40D64-B3B6-410B-914B-8B812EB4DC76}.Release|x86.Build.0 = Release|Win32
		{D97E6577-6F51-4493-B0D7-855668D6DB63}.Debug|ARM.ActiveCfg = Debug|x64
		{D97E6577-6F51-4493-B0D7-855668D6DB63}.Debug|ARM.Build.0 = Debug|x64
		{D97E6577-6F51-4493-B0D7-855668D6DB63}.Debug|ARM64.ActiveCfg = Debug|x64
		{D97E6577-6F51-4493-B0D7-855668D6DB63}.Debug|ARM64.Build.0 = Debug|x64
		{D97E6577-6F51-4493-B0D7-855668D6DB63}.Debug|x64.ActiveCfg = Debug|x64
		{D97E6577-6F51-4493-B0D7-855668D6DB63}.Debug|x64.Build.0 = Debug|x64
		{D97E6577-6F51-4493-B0D7-855668D6DB63}.Debug|x86.ActiveCfg = Debug|Win32
		{D97E6577-6F51-4493-B0D7-855668D6DB63}.Debug|x86.Build.0 = Debug|Win32
		{D97E6577-6F51-4493-B0D7-855668D6DB63}.Release|ARM.ActiveCfg = Release|x64
		{D97E6577-6F51-4493-B0D7-855668D6DB63}.Release|ARM.Build.0 = Release|x64
		{D97E6577-6F51-4493-B0D7-855668D6DB63}.Release|ARM64.ActiveCfg = Release|x64
		{D97E6577-6F51-4493-B0D7-855668D6DB63}.Release|ARM64.Build.0 = Release|x64
		{D97E6577-6F51-4493-B0D7-855668D6DB63}.Release|x64.ActiveCfg = Release|x64
		{D97E6577-6F51-4493-B0D7-855668D6DB63}.Release|x64.Build.0 = Release|x64
		{D97E6577-6F51-4493-B0D7-855668D6DB63}.Release|x86.ActiveCfg = Release|Win32
		{D97E6577-6F51-4493-B0D7-855668D6DB63}.Release|x86.Build.0 = Release|Win32
		{524FB1A3-5FF8-43DD-B182-E4489D3E7671}.Debug|ARM.ActiveCfg = Debug|x64
		{524FB1A3-5FF8-43DD-B182-E4489D3E7671}.Debug|ARM.Build.0 = Debug|x64
		{524FB1A3-5FF8-43DD-B182-E4489D3E7671}.Debug|ARM64.ActiveCfg = Debug|ARM64
		{524FB1A3-5FF8-43DD-B182-E4489D3E7671}.Debug|ARM64.Build.0 = Debug|ARM64
		{524FB1A3-5FF8-43DD-B182-E4489D3E7671}.Debug|x64.ActiveCfg = Debug|x64
		{524FB1A3-5FF8-43DD-B182-E4489D3E7671}.Debug|x64.Build.0 = Debug|x64
		{524FB1A3-5FF8-43DD-B182-E4489D3E7671}.Debug|x86.ActiveCfg = Debug|Win32
		{524FB1A3-5FF8-43DD-B182-E4489D3E7671}.Debug|x86.Build.0 = Debug|Win32
		{524FB1A3-5FF8-43DD-B182-E4489D3E7671}.Release|ARM.ActiveCfg = Release|x64
		{524FB1A3-5FF8-43DD-B182-E4489D3E7671}.Release|ARM.Build.0 = Release|x64
		{524FB1A3-5FF8-43DD-B182-E4489D3E7671}.Release|ARM64.ActiveCfg = Release|ARM64
		{524FB1A3-5FF8-43DD-B182-E4489D3E7671}.Release|ARM64.Build.0 = Release|ARM64
		{524FB1A3-5FF8-43DD-B182-E4489D3E7671}.Release|x64.ActiveCfg = Release|x64
		{524FB1A3-5FF8-43DD-B182-E4489D3E7671}.Release|x64.Build.0 = Release|x64
		{524FB1A3-5FF8-43DD-B182-E4489D3E7671}.Release|x86.ActiveCfg = Release|Win32
		{524FB1A3-5FF8-43DD-B182-E4489D3E7671}.Release|x86.Build.0 = Release|Win32
		{D06D8E7E-0373-4F11-9735-4DE1BC0D48FF}.Debug|ARM.ActiveCfg = Debug|x64
		{D06D8E7E-0373-4F11-9735-4DE1BC0D48FF}.Debug|ARM.Build.0 = Debug|x64
		{D06D8E7E-0373-4F11-9735-4DE1BC0D48FF}.Debug|ARM64.ActiveCfg = Debug|ARM64
		{D06D8E7E-0373-4F11-9735-4DE1BC0D48FF}.Debug|ARM64.Build.0 = Debug|ARM64
		{D06D8E7E-0373-4F11-9735-4DE1BC0D48FF}.Debug|x64.ActiveCfg = Debug|x64
		{D06D8E7E-0373-4F11-9735-4DE1BC0D48FF}.Debug|x64.Build.0 = Debug|x64
		{D06D8E7E-0373-4F11-9735-4DE1BC0D48FF}.Debug|x86.ActiveCfg = Debug|Win32
		{D06D8E7E-0373-4F11-9735-4DE1BC0D48FF}.Debug|x86.Build.0 = Debug|Win32
		{D06D8E7E-0373-4F11-9735-4DE1BC0D48FF}.Release|ARM.ActiveCfg = Release|x64
		{D06D8E7E-0373-4F11-9735-4DE1BC0D48FF}.Release|ARM.Build.0 = Release|x64
		{D06D8E7E-0373-4F11-9735-4DE1BC0D48FF}.Release|ARM64.ActiveCfg = Release|ARM64
		{D06D8E7E-0373-4F11-9735-4DE1BC0D48FF}.Release|ARM64.Build.0 = Release|ARM64
		{D06D8E7E-0373-4F11-9735-4DE1BC0D48FF}.Release|x64.ActiveCfg = Release|x64
		{D06D8E7E-0373-4F11-9735-4DE1BC0D48FF}.Release|x64.Build.0 = Release|x64
		{D06D8E7E-0373-4F11-9735-4DE1BC0D48FF}.Release|x86.ActiveCfg = Release|Win32
		{D06D8E7E-0373-4F11-9735-4DE1BC0D48FF}.Release|x86.Build.0 = Release|Win32
		{7026ACC0-F03A-43A5-8612-DA212CA22A7D}.Debug|ARM.ActiveCfg = Debug|x64
		{7026ACC0-F03A-43A5-8612-DA212CA22A7D}.Debug|ARM.Build.0 = Debug|x64
		{7026ACC0-F03A-43A5-8612-DA212CA22A7D}.Debug|ARM64.ActiveCfg = Debug|Win32
		{7026ACC0-F03A-43A5-8612-DA212CA22A7D}.Debug|x64.ActiveCfg = Debug|x64
		{7026ACC0-F03A-43A5-8612-DA212CA22A7D}.Debug|x64.Build.0 = Debug|x64
		{7026ACC0-F03A-43A5-8612-DA212CA22A7D}.Debug|x86.ActiveCfg = Debug|Win32
		{7026ACC0-F03A-43A5-8612-DA212CA22A7D}.Debug|x86.Build.0 = Debug|Win32
		{7026ACC0-F03A-43A5-8612-DA212CA22A7D}.Release|ARM.ActiveCfg = Release|x64
		{7026ACC0-F03A-43A5-8612-DA212CA22A7D}.Release|ARM.Build.0 = Release|x64
		{7026ACC0-F03A-43A5-8612-DA212CA22A7D}.Release|ARM64.ActiveCfg = Release|Win32
		{7026ACC0-F03A-43A5-8612-DA212CA22A7D}.Release|x64.ActiveCfg = Release|x64
		{7026ACC0-F03A-43A5-8612-DA212CA22A7D}.Release|x64.Build.0 = Release|x64
		{7026ACC0-F03A-43A5-8612-DA212CA22A7D}.Release|x86.ActiveCfg = Release|Win32
		{7026ACC0-F03A-43A5-8612-DA212CA22A7D}.Release|x86.Build.0 = Release|Win32
		{701984B4-825C-40B8-B65D-2550C7853E8D}.Debug|ARM.ActiveCfg = Debug|x64
		{701984B4-825C-40B8-B65D-2550C7853E8D}.Debug|ARM.Build.0 = Debug|x64
		{701984B4-825C-40B8-B65D-2550C7853E8D}.Debug|ARM64.ActiveCfg = Debug|ARM64
		{701984B4-825C-40B8-B65D-2550C7853E8D}.Debug|ARM64.Build.0 = Debug|ARM64
		{701984B4-825C-40B8-B65D-2550C7853E8D}.Debug|x64.ActiveCfg = Debug|x64
		{701984B4-825C-40B8-B65D-2550C7853E8D}.Debug|x64.Build.0 = Debug|x64
		{701984B4-825C-40B8-B65D-2550C7853E8D}.Debug|x86.ActiveCfg = Debug|Win32
		{701984B4-825C-40B8-B65D-2550C7853E8D}.Debug|x86.Build.0 = Debug|Win32
		{701984B4-825C-40B8-B65D-2550C7853E8D}.Release|ARM.ActiveCfg = Release|x64
		{701984B4-825C-40B8-B65D-2550C7853E8D}.Release|ARM.Build.0 = Release|x64
		{701984B4-825C-40B8-B65D-2550C7853E8D}.Release|ARM64.ActiveCfg = Release|ARM64
		{701984B4-825C-40B8-B65D-2550C7853E8D}.Release|ARM64.Build.0 = Release|ARM64
		{701984B4-825C-40B8-B65D-2550C7853E8D}.Release|x64.ActiveCfg = Release|x64
		{701984B4-825C-40B8-B65D-2550C7853E8D}.Release|x64.Build.0 = Release|x64
		{701984B4-825C-40B8-B65D-2550C7853E8D}.Release|x86.ActiveCfg = Release|Win32
		{701984B4-825C-40B8-B65D-2550C7853E8D}.Release|x86.Build.0 = Release|Win32
		{EE37AA0D-D831-43B9-B1BA-1BD46C552084}.Debug|ARM.ActiveCfg = Debug|x64
		{EE37AA0D-D831-43B9-B1BA-1BD46C552084}.Debug|ARM.Build.0 = Debug|x64
		{EE37AA0D-D831-43B9-B1BA-1BD46C552084}.Debug|ARM64.ActiveCfg = Debug|ARM64
		{EE37AA0D-D831-43B9-B1BA-1BD46C552084}.Debug|ARM64.Build.0 = Debug|ARM64
		{EE37AA0D-D831-43B9-B1BA-1BD46C552084}.Debug|x64.ActiveCfg = Debug|x64
		{EE37AA0D-D831-43B9-B1BA-1BD46C552084}.Debug|x64.Build.0 = Debug|x64
		{EE37AA0D-D831-43B9-B1BA-1BD46C552084}.Debug|x86.ActiveCfg = Debug|Win32
		{EE37AA0D-D831-43B9-B1BA-1BD46C552084}.Debug|x86.Build.0 = Debug|Win32
		{EE37AA0D-D831-43B9-B1BA-1BD46C552084}.Release|ARM.ActiveCfg = Release|x64
		{EE37AA0D-D831-43B9-B1BA-1BD46C552084}.Release|ARM.Build.0 = Release|x64
		{EE37AA0D-D831-43B9-B1BA-1BD46C552084}.Release|ARM64.ActiveCfg = Release|ARM64
		{EE37AA0D-D831-43B9-B1BA-1BD46C552084}.Release|ARM64.Build.0 = Release|ARM64
		{EE37AA0D-D831-43B9-B1BA-1BD46C552084}.Release|x64.ActiveCfg = Release|x64
		{EE37AA0D-D831-43B9-B1BA-1BD46C552084}.Release|x64.Build.0 = Release|x64
		{EE37AA0D-D831-43B9-B1BA-1BD46C552084}.Release|x86.ActiveCfg = Release|Win32
		{EE37AA0D-D831-43B9-B1BA-1BD46C552084}.Release|x86.Build.0 = Release|Win32
		{B4DE7532-95D3-49EA-BE9C-56045835A47A}.Debug|ARM.ActiveCfg = Debug|x64
		{B4DE7532-95D3-49EA-BE9C-56045835A47A}.Debug|ARM.Build.0 = Debug|x64
		{B4DE7532-95D3-49EA-BE9C-56045835A47A}.Debug|ARM64.ActiveCfg = Debug|ARM64
		{B4DE7532-95D3-49EA-BE9C-56045835A47A}.Debug|ARM64.Build.0 = Debug|ARM64
		{B4DE7532-95D3-49EA-BE9C-56045835A47A}.Debug|x64.ActiveCfg = Debug|x64
		{B4DE7532-95D3-49EA-BE9C-56045835A47A}.Debug|x64.Build.0 = Debug|x64
		{B4DE7532-95D3-49EA-BE9C-56045835A47A}.Debug|x86.ActiveCfg = Debug|Win32
		{B4DE7532-95D3-49EA-BE9C-56045835A47A}.Debug|x86.Build.0 = Debug|Win32
		{B4DE7532-95D3-49EA-BE9C-56045835A47A}.Release|ARM.ActiveCfg = Release|x64
		{B4DE7532-95D3-49EA-BE9C-56045835A47A}.Release|ARM.Build.0 = Release|x64
		{B4DE7532-95D3-49EA-BE9C-56045835A47A}.Release|ARM64.ActiveCfg = Release|ARM64
		{B4DE7532-95D3-49EA-BE9C-56045835A47A}.Release|ARM64.Build.0 = Release|ARM64
		{B4DE7532-95D3-49EA-BE9C-56045835A47A}.Release|x64.ActiveCfg = Release|x64
		{B4DE7532-95D3-49EA-BE9C-56045835A47A}.Release|x64.Build.0 = Release|x64
		{B4DE7532-95D3-49EA-BE9C-56045835A47A}.Release|x86.ActiveCfg = Release|Win32
		{B4DE7532-95D3-49EA-BE9C-56045835A47A}.Release|x86.Build.0 = Release|Win32
		{93A0E80D-7946-4105-82A5-01B918A2736F}.Debug|ARM.ActiveCfg = Debug|x64
		{93A0E80D-7946-4105-82A5-01B918A2736F}.Debug|ARM.Build.0 = Debug|x64
		{93A0E80D-7946-4105-82A5-01B918A2736F}.Debug|ARM64.ActiveCfg = Debug|ARM64
		{93A0E80D-7946-4105-82A5-01B918A2736F}.Debug|ARM64.Build.0 = Debug|ARM64
		{93A0E80D-7946-4105-82A5-01B918A2736F}.Debug|x64.ActiveCfg = Debug|x64
		{93A0E80D-7946-4105-82A5-01B918A2736F}.Debug|x64.Build.0 = Debug|x64
		{93A0E80D-7946-4105-82A5-01B918A2736F}.Debug|x86.ActiveCfg = Debug|Win32
		{93A0E80D-7946-4105-82A5-01B918A2736F}.Debug|x86.Build.0 = Debug|Win32
		{93A0E80D-7946-4105-82A5-01B918A2736F}.Release|ARM.ActiveCfg = Release|x64
		{93A0E80D-7946-4105-82A5-01B918A2736F}.Release|ARM.Build.0 = Release|x64
		{93A0E80D-7946-4105-82A5-01B918A2736F}.Release|ARM64.ActiveCfg = Release|ARM64
		{93A0E80D-7946-4105-82A5-01B918A2736F}.Release|ARM64.Build.0 = Release|ARM64
		{93A0E80D-7946-4105-82A5-01B918A2736F}.Release|x64.ActiveCfg = Release|x64
		{93A0E80D-7946-4105-82A5-01B918A2736F}.Release|x64.Build.0 = Release|x64
		{93A0E80D-7946-4105-82A5-01B918A2736F}.Release|x86.ActiveCfg = Release|Win32
		{93A0E80D-7946-4105-82A5-01B918A2736F}.Release|x86.Build.0 = Release|Win32
		{DCC8F5BF-BAFC-4F25-8359-C9420F1B04EC}.Debug|ARM.ActiveCfg = Debug|x64
		{DCC8F5BF-BAFC-4F25-8359-C9420F1B04EC}.Debug|ARM.Build.0 = Debug|x64
		{DCC8F5BF-BAFC-4F25-8359-C9420F1B04EC}.Debug|ARM64.ActiveCfg = Debug|ARM64
		{DCC8F5BF-BAFC-4F25-8359-C9420F1B04EC}.Debug|ARM64.Build.0 = Debug|ARM64
		{DCC8F5BF-BAFC-4F25-8359-C9420F1B04EC}.Debug|x64.ActiveCfg = Debug|x64
		{DCC8F5BF-BAFC-4F25-8359-C9420F1B04EC}.Debug|x64.Build.0 = Debug|x64
		{DCC8F5BF-BAFC-4F25-8359-C9420F1B04EC}.Debug|x86.ActiveCfg = Debug|Win32
		{DCC8F5BF-BAFC-4F25-8359-C9420F1B04EC}.Debug|x86.Build.0 = Debug|Win32
		{DCC8F5BF-BAFC-4F25-8359-C9420F1B04EC}.Release|ARM.ActiveCfg = Release|x64
		{DCC8F5BF-BAFC-4F25-8359-C9420F1B04EC}.Release|ARM.Build.0 = Release|x64
		{DCC8F5BF-BAFC-4F25-8359-C9420F1B04EC}.Release|ARM64.ActiveCfg = Release|ARM64
		{DCC8F5BF-BAFC-4F25-8359-C9420F1B04EC}.Release|ARM64.Build.0 = Release|ARM64
		{DCC8F5BF-BAFC-4F25-8359-C9420F1B04EC}.Release|x64.ActiveCfg = Release|x64
		{DCC8F5BF-BAFC-4F25-8359-C9420F1B04EC}.Release|x64.Build.0 = Release|x64
		{DCC8F5BF-BAFC-4F25-8359-C9420F1B04EC}.Release|x86.ActiveCfg = Release|Win32
		{DCC8F5BF-BAFC-4F25-8359-C9420F1B04EC}.Release|x86.Build.0 = Release|Win32
		{0B810D4C-8D48-4283-BFB8-35CDF4498C68}.Debug|ARM.ActiveCfg = Debug|x64
		{0B810D4C-8D48-4283-BFB8-35CDF4498C68}.Debug|ARM.Build.0 = Debug|x64
		{0B810D4C-8D48-4283-BFB8-35CDF4498C68}.Debug|ARM64.ActiveCfg = Debug|ARM64
		{0B810D4C-8D48-4283-BFB8-35CDF4498C68}.Debug|ARM64.Build.0 = Debug|ARM64
		{0B810D4C-8D48-4283-BFB8-35CDF4498C68}.Debug|x64.ActiveCfg = Debug|x64
		{0B810D4C-8D48-4283-BFB8-35CDF4498C68}.Debug|x64.Build.0 = Debug|x64
		{0B810D4C-8D48-4283-BFB8-35CDF4498C68}.Debug|x86.ActiveCfg = Debug|Win32
		{0B810D4C-8D48-4283-BFB8-35CDF4498C68}.Debug|x86.Build.0 = Debug|Win32
		{0B810D4C-8D48-4283-BFB8-35CDF4498C68}.Release|ARM.ActiveCfg = Release|x64
		{0B810D4C-8D48-4283-BFB8-35CDF4498C68}.Release|ARM.Build.0 = Release|x64
		{0B810D4C-8D48-4283-BFB8-35CDF4498C68}.Release|ARM64.ActiveCfg = Release|ARM64
		{0B810D4C-8D48-4283-BFB8-35CDF4498C68}.Release|ARM64.Build.0 = Release|ARM64
		{0B810D4C-8D48-4283-BFB8-35CDF4498C68}.Release|x64.ActiveCfg = Release|x64
		{0B810D4C-8D48-4283-BFB8-35CDF4498C68}.Release|x64.Build.0 = Release|x64
		{0B810D4C-8D48-4283-BFB8-35CDF4498C68}.Release|x86.ActiveCfg = Release|Win32
		{0B810D4C-8D48-4283-BFB8-35CDF4498C68}.Release|x86.Build.0 = Release|Win32
		{696FEC8D-12E7-440B-9996-C05C3B10AF81}.Debug|ARM.ActiveCfg = Debug|x64
		{696FEC8D-12E7-440B-9996-C05C3B10AF81}.Debug|ARM.Build.0 = Debug|x64
		{696FEC8D-12E7-440B-9996-C05C3B10AF81}.Debug|ARM64.ActiveCfg = Debug|ARM64
		{696FEC8D-12E7-440B-9996-C05C3B10AF81}.Debug|ARM64.Build.0 = Debug|ARM64
		{696FEC8D-12E7-440B-9996-C05C3B10AF81}.Debug|x64.ActiveCfg = Debug|x64
		{696FEC8D-12E7-440B-9996-C05C3B10AF81}.Debug|x64.Build.0 = Debug|x64
		{696FEC8D-12E7-440B-9996-C05C3B10AF81}.Debug|x86.ActiveCfg = Debug|Win32
		{696FEC8D-12E7-440B-9996-C05C3B10AF81}.Debug|x86.Build.0 = Debug|Win32
		{696FEC8D-12E7-440B-9996-C05C3B10AF81}.Release|ARM.ActiveCfg = Release|x64
		{696FEC8D-12E7-440B-9996-C05C3B10AF81}.Release|ARM.Build.0 = Release|x64
		{696FEC8D-12E7-440B-9996-C05C3B10AF81}.Release|ARM64.ActiveCfg = Release|ARM64
		{696FEC8D-12E7-440B-9996-C05C3B10AF81}.Release|ARM64.Build.0 = Release|ARM64
		{696FEC8D-12E7-440B-9996-C05C3B10AF81}.Release|x64.ActiveCfg = Release|x64
		{696FEC8D-12E7-440B-9996-C05C3B10AF81}.Release|x64.Build.0 = Release|x64
		{696FEC8D-12E7-440B-9996-C05C3B10AF81}.Release|x86.ActiveCfg = Release|Win32
		{696FEC8D-12E7-440B-9996-C05C3B10AF81}.Release|x86.Build.0 = Release|Win32
		{299DBBA5-7B53-415A-8E01-2F61124090FD}.Debug|ARM.ActiveCfg = Debug|x64
		{299DBBA5-7B53-415A-8E01-2F61124090FD}.Debug|ARM.Build.0 = Debug|x64
		{299DBBA5-7B53-415A-8E01-2F61124090FD}.Debug|ARM64.ActiveCfg = Debug|ARM64
		{299DBBA5-7B53-415A-8E01-2F61124090FD}.Debug|ARM64.Build.0 = Debug|ARM64
		{299DBBA5-7B53-415A-8E01-2F61124090FD}.Debug|x64.ActiveCfg = Debug|x64
		{299DBBA5-7B53-415A-8E01-2F61124090FD}.Debug|x64.Build.0 = Debug|x64
		{299DBBA5-7B53-415A-8E01-2F61124090FD}.Debug|x86.ActiveCfg = Debug|Win32
		{299DBBA5-7B53-415A-8E01-2F61124090FD}.Debug|x86.Build.0 = Debug|Win32
		{299DBBA5-7B53-415A-8E01-2F61124090FD}.Release|ARM.ActiveCfg = Release|x64
		{299DBBA5-7B53-415A-8E01-2F61124090FD}.Release|ARM.Build.0 = Release|x64
		{299DBBA5-7B53-415A-8E01-2F61124090FD}.Release|ARM64.ActiveCfg = Release|ARM64
		{299DBBA5-7B53-415A-8E01-2F61124090FD}.Release|ARM64.Build.0 = Release|ARM64
		{299DBBA5-7B53-415A-8E01-2F61124090FD}.Release|x64.ActiveCfg = Release|x64
		{299DBBA5-7B53-415A-8E01-2F61124090FD}.Release|x64.Build.0 = Release|x64
		{299DBBA5-7B53-415A-8E01-2F61124090FD}.Release|x86.ActiveCfg = Release|Win32
		{299DBBA5-7B53-415A-8E01-2F61124090FD}.Release|x86.Build.0 = Release|Win32
		{C9FF0C52-FF1F-490E-8D5D-587D69B1F8E2}.Debug|ARM.ActiveCfg = Debug|x64
		{C9FF0C52-FF1F-490E-8D5D-587D69B1F8E2}.Debug|ARM.Build.0 = Debug|x64
		{C9FF0C52-FF1F-490E-8D5D-587D69B1F8E2}.Debug|ARM64.ActiveCfg = Debug|ARM64
		{C9FF0C52-FF1F-490E-8D5D-587D69B1F8E2}.Debug|ARM64.Build.0 = Debug|ARM64
		{C9FF0C52-FF1F-490E-8D5D-587D69B1F8E2}.Debug|x64.ActiveCfg = Debug|x64
		{C9FF0C52-FF1F-490E-8D5D-587D69B1F8E2}.Debug|x64.Build.0 = Debug|x64
		{C9FF0C52-FF1F-490E-8D5D-587D69B1F8E2}.Debug|x86.ActiveCfg = Debug|Win32
		{C9FF0C52-FF1F-490E-8D5D-587D69B1F8E2}.Debug|x86.Build.0 = Debug|Win32
		{C9FF0C52-FF1F-490E-8D5D-587D69B1F8E2}.Release|ARM.ActiveCfg = Release|x64
		{C9FF0C52-FF1F-490E-8D5D-587D69B1F8E2}.Release|ARM.Build.0 = Release|x64
		{C9FF0C52-FF1F-490E-8D5D-587D69B1F8E2}.Release|ARM64.ActiveCfg = Release|ARM64
		{C9FF0C52-FF1F-490E-8D5D-587D69B1F8E2}.Release|ARM64.Build.0 = Release|ARM64
		{C9FF0C52-FF1F-490E-8D5D-587D69B1F8E2}.Release|x64.ActiveCfg = Release|x64
		{C9FF0C52-FF1F-490E-8D5D-587D69B1F8E2}.Release|x64.Build.0 = Release|x64
		{C9FF0C52-FF1F-490E-8D5D-587D69B1F8E2}.Release|x86.ActiveCfg = Release|Win32
		{C9FF0C52-FF1F-490E-8D5D-587D69B1F8E2}.Release|x86.Build.0 = Release|Win32
		{877EC8AB-6A4C-4910-976F-DEA11A5BD133}.Debug|ARM.ActiveCfg = Debug|x64
		{877EC8AB-6A4C-4910-976F-DEA11A5BD133}.Debug|ARM.Build.0 = Debug|x64
		{877EC8AB-6A4C-4910-976F-DEA11A5BD133}.Debug|ARM64.ActiveCfg = Debug|ARM64
		{877EC8AB-6A4C-4910-976F-DEA11A5BD133}.Debug|ARM64.Build.0 = Debug|ARM64
		{877EC8AB-6A4C-4910-976F-DEA11A5BD133}.Debug|x64.ActiveCfg = Debug|x64
		{877EC8AB-6A4C-4910-976F-DEA11A5BD133}.Debug|x64.Build.0 = Debug|x64
		{877EC8AB-6A4C-4910-976F-DEA11A5BD133}.Debug|x86.ActiveCfg = Debug|Win32
		{877EC8AB-6A4C-4910-976F-DEA11A5BD133}.Debug|x86.Build.0 = Debug|Win32
		{877EC8AB-6A4C-4910-976F-DEA11A5BD133}.Release|ARM.ActiveCfg = Release|x64
		{877EC8AB-6A4C-4910-976F-DEA11A5BD133}.Release|ARM.Build.0 = Release|x64
		{877EC8AB-6A4C-4910-976F-DEA11A5BD133}.Release|ARM64.ActiveCfg = Release|ARM64
		{877EC8AB-6A4C-4910-976F-DEA11A5BD133}.Release|ARM64.Build.0 = Release|ARM64
		{877EC8AB-6A4C-4910-976F-DEA11A5BD133}.Release|x64.ActiveCfg = Release|x64
		{877EC8AB-6A4C-4910-976F-DEA11A5BD133}.Release|x64.Build.0 = Release|x64
		{877EC8AB-6A4C-4910-976F-DEA11A5BD133}.Release|x86.ActiveCfg = Release|Win32
		{877EC8AB-6A4C-4910-976F-DEA11A5BD133}.Release|x86.Build.0 = Release|Win32
		{062578D5-5DA1-4E68-92D1-59F932E06940}.Debug|ARM.ActiveCfg = Debug|x64
		{062578D5-5DA1-4E68-92D1-59F932E06940}.Debug|ARM.Build.0 = Debug|x64
		{062578D5-5DA1-4E68-92D1-59F932E06940}.Debug|ARM64.ActiveCfg = Debug|ARM64
		{062578D5-5DA1-4E68-92D1-59F932E06940}.Debug|ARM64.Build.0 = Debug|ARM64
		{062578D5-5DA1-4E68-92D1-59F932E06940}.Debug|x64.ActiveCfg = Debug|x64
		{062578D5-5DA1-4E68-92D1-59F932E06940}.Debug|x64.Build.0 = Debug|x64
		{062578D5-5DA1-4E68-92D1-59F932E06940}.Debug|x86.ActiveCfg = Debug|Win32
		{062578D5-5DA1-4E68-92D1-59F932E06940}.Debug|x86.Build.0 = Debug|Win32
		{062578D5-5DA1-4E68-92D1-59F932E06940}.Release|ARM.ActiveCfg = Release|x64
		{062578D5-5DA1-4E68-92D1-59F932E06940}.Release|ARM.Build.0 = Release|x64
		{062578D5-5DA1-4E68-92D1-59F932E06940}.Release|ARM64.ActiveCfg = Release|ARM64
		{062578D5-5DA1-4E68-92D1-59F932E06940}.Release|ARM64.Build.0 = Release|ARM64
		{062578D5-5DA1-4E68-92D1-59F932E06940}.Release|x64.ActiveCfg = Release|x64
		{062578D5-5DA1-4E68-92D1-59F932E06940}.Release|x64.Build.0 = Release|x64
		{062578D5-5DA1-4E68-92D1-59F932E06940}.Release|x86.ActiveCfg = Release|Win32
		{062578D5-5DA1-4E68-92D1-59F932E06940}.Release|x86.Build.0 = Release|Win32
		{BE00E0A5-02F8-494D-868B-25A47A862623}.Debug|ARM.ActiveCfg = Debug|x64
		{BE00E0A5-02F8-494D-868B-25A47A862623}.Debug|ARM.Build.0 = Debug|x64
		{BE00E0A5-02F8-494D-868B-25A47A862623}.Debug|ARM64.ActiveCfg = Debug|ARM64
		{BE00E0A5-02F8-494D-868B-25A47A862623}.Debug|ARM64.Build.0 = Debug|ARM64
		{BE00E0A5-02F8-494D-868B-25A47A862623}.Debug|x64.ActiveCfg = Debug|x64
		{BE00E0A5-02F8-494D-868B-25A47A862623}.Debug|x64.Build.0 = Debug|x64
		{BE00E0A5-02F8-494D-868B-25A47A862623}.Debug|x86.ActiveCfg = Debug|Win32
		{BE00E0A5-02F8-494D-868B-25A47A862623}.Debug|x86.Build.0 = Debug|Win32
		{BE00E0A5-02F8-494D-868B-25A47A862623}.Release|ARM.ActiveCfg = Release|x64
		{BE00E0A5-02F8-494D-868B-25A47A862623}.Release|ARM.Build.0 = Release|x64
		{BE00E0A5-02F8-494D-868B-25A47A862623}.Release|ARM64.ActiveCfg = Release|ARM64
		{BE00E0A5-02F8-494D-868B-25A47A862623}.Release|ARM64.Build.0 = Release|ARM64
		{BE00E0A5-02F8-494D-868B-25A47A862623}.Release|x64.ActiveCfg = Release|x64
		{BE00E0A5-02F8-494D-868B-25A47A862623}.Release|x64.Build.0 = Release|x64
		{BE00E0A5-02F8-494D-868B-25A47A862623}.Release|x86.ActiveCfg = Release|Win32
		{BE00E0A5-02F8-494D-868B-25A47A862623}.Release|x86.Build.0 = Release|Win32
		{17A5D615-0BE1-490D-82AC-EEDA1B4981E2}.Debug|ARM.ActiveCfg = Debug|x64
		{17A5D615-0BE1-490D-82AC-EEDA1B4981E2}.Debug|ARM.Build.0 = Debug|x64
		{17A5D615-0BE1-490D-82AC-EEDA1B4981E2}.Debug|ARM64.ActiveCfg = Debug|ARM64
		{17A5D615-0BE1-490D-82AC-EEDA1B4981E2}.Debug|ARM64.Build.0 = Debug|ARM64
		{17A5D615-0BE1-490D-82AC-EEDA1B4981E2}.Debug|x64.ActiveCfg = Debug|x64
		{17A5D615-0BE1-490D-82AC-EEDA1B4981E2}.Debug|x64.Build.0 = Debug|x64
		{17A5D615-0BE1-490D-82AC-EEDA1B4981E2}.Debug|x86.ActiveCfg = Debug|Win32
		{17A5D615-0BE1-490D-82AC-EEDA1B4981E2}.Debug|x86.Build.0 = Debug|Win32
		{17A5D615-0BE1-490D-82AC-EEDA1B4981E2}.Release|ARM.ActiveCfg = Release|x64
		{17A5D615-0BE1-490D-82AC-EEDA1B4981E2}.Release|ARM.Build.0 = Release|x64
		{17A5D615-0BE1-490D-82AC-EEDA1B4981E2}.Release|ARM64.ActiveCfg = Release|ARM64
		{17A5D615-0BE1-490D-82AC-EEDA1B4981E2}.Release|ARM64.Build.0 = Release|ARM64
		{17A5D615-0BE1-490D-82AC-EEDA1B4981E2}.Release|x64.ActiveCfg = Release|x64
		{17A5D615-0BE1-490D-82AC-EEDA1B4981E2}.Release|x64.Build.0 = Release|x64
		{17A5D615-0BE1-490D-82AC-EEDA1B4981E2}.Release|x86.ActiveCfg = Release|Win32
		{17A5D615-0BE1-490D-82AC-EEDA1B4981E2}.Release|x86.Build.0 = Release|Win32
		{DA777FA9-B83F-4722-836F-F64B1908A7F3}.Debug|ARM.ActiveCfg = Debug|x64
		{DA777FA9-B83F-4722-836F-F64B1908A7F3}.Debug|ARM.Build.0 = Debug|x64
		{DA777FA9-B83F-4722-836F-F64B1908A7F3}.Debug|ARM64.ActiveCfg = Debug|ARM64
		{DA777FA9-B83F-4722-836F-F64B1908A7F3}.Debug|ARM64.Build.0 = Debug|ARM64
		{DA777FA9-B83F-4722-836F-F64B1908A7F3}.Debug|x64.ActiveCfg = Debug|x64
		{DA777FA9-B83F-4722-836F-F64B1908A7F3}.Debug|x64.Build.0 = Debug|x64
		{DA777FA9-B83F-4722-836F-F64B1908A7F3}.Debug|x86.ActiveCfg = Debug|Win32
		{DA777FA9-B83F-4722-836F-F64B1908A7F3}.Debug|x86.Build.0 = Debug|Win32
		{DA777FA9-B83F-4722-836F-F64B1908A7F3}.Release|ARM.ActiveCfg = Release|x64
		{DA777FA9-B83F-4722-836F-F64B1908A7F3}.Release|ARM.Build.0 = Release|x64
		{DA777FA9-B83F-4722-836F-F64B1908A7F3}.Release|ARM64.ActiveCfg = Release|ARM64
		{DA777FA9-B83F-4722-836F-F64B1908A7F3}.Release|ARM64.Build.0 = Release|ARM64
		{DA777FA9-B83F-4722-836F-F64B1908A7F3}.Release|x64.ActiveCfg = Release|x64
		{DA777FA9-B83F-4722-836F-F64B1908A7F3}.Release|x64.Build.0 = Release|x64
		{DA777FA9-B83F-4722-836F-F64B1908A7F3}.Release|x86.ActiveCfg = Release|Win32
		{DA777FA9-B83F-4722-836F-F64B1908A7F3}.Release|x86.Build.0 = Release|Win32
		{354C141A-3A43-4FFB-89F0-077E83574FBC}.Debug|ARM.ActiveCfg = Debug|x64
		{354C141A-3A43-4FFB-89F0-077E83574FBC}.Debug|ARM.Build.0 = Debug|x64
		{354C141A-3A43-4FFB-89F0-077E83574FBC}.Debug|ARM64.ActiveCfg = Debug|ARM64
		{354C141A-3A43-4FFB-89F0-077E83574FBC}.Debug|ARM64.Build.0 = Debug|ARM64
		{354C141A-3A43-4FFB-89F0-077E83574FBC}.Debug|x64.ActiveCfg = Debug|x64
		{354C141A-3A43-4FFB-89F0-077E83574FBC}.Debug|x64.Build.0 = Debug|x64
		{354C141A-3A43-4FFB-89F0-077E83574FBC}.Debug|x86.ActiveCfg = Debug|Win32
		{354C141A-3A43-4FFB-89F0-077E83574FBC}.Debug|x86.Build.0 = Debug|Win32
		{354C141A-3A43-4FFB-89F0-077E83574FBC}.Release|ARM.ActiveCfg = Release|x64
		{354C141A-3A43-4FFB-89F0-077E83574FBC}.Release|ARM.Build.0 = Release|x64
		{354C141A-3A43-4FFB-89F0-077E83574FBC}.Release|ARM64.ActiveCfg = Release|ARM64
		{354C141A-3A43-4FFB-89F0-077E83574FBC}.Release|ARM64.Build.0 = Release|ARM64
		{354C141A-3A43-4FFB-89F0-077E83574FBC}.Release|x64.ActiveCfg = Release|x64
		{354C141A-3A43-4FFB-89F0-077E83574FBC}.Release|x64.Build.0 = Release|x64
		{354C141A-3A43-4FFB-89F0-077E83574FBC}.Release|x86.ActiveCfg = Release|Win32
		{354C141A-3A43-4FFB-89F0-077E83574FBC}.Release|x86.Build.0 = Release|Win32
	EndGlobalSection
	GlobalSection(SolutionProperties) = preSolution
		HideSolutionNode = FALSE
	EndGlobalSection
	GlobalSection(ExtensibilityGlobals) = postSolution
		SolutionGuid = {92ADF55A-7330-472B-B58E-4ADCCA196362}
	EndGlobalSection
EndGlobal
